# @generated by Move, please check-in and do not edit manually.

[move]
version = 3
manifest_digest = "A046110329AFF2FD6195E18EBF7AAFFA6AB5D9DA62A85148530E304AFCCC4F76"
deps_digest = "F8BBB0CCB2491CA29A3DF03D6F92277A4F3574266507ACD77214D37ECA3F3082"
dependencies = [
  { id = "Sui", name = "Sui" },
]

[[move.package]]
id = "MoveStdlib"
source = { git = "https://github.com/MystenLabs/sui.git", rev = "mainnet-v1.59.1", subdir = "crates/sui-framework/packages/move-stdlib" }

[[move.package]]
id = "Sui"
source = { git = "https://github.com/MystenLabs/sui.git", rev = "mainnet-v1.59.1", subdir = "crates/sui-framework/packages/sui-framework" }

dependencies = [
  { id = "MoveStdlib", name = "MoveStdlib" },
]

[move.toolchain-version]
compiler-version = "1.59.1"
edition = "2024.beta"
flavor = "sui"

[env]

[env.testnet]
chain-id = "4c78adac"
original-published-id = "0xd3b7296af698172a992051c1e81ef743170cfbd520325fdad0723a1942ab5fab"
latest-published-id = "0xd3b7296af698172a992051c1e81ef743170cfbd520325fdad0723a1942ab5fab"
published-version = "1"

[env.mainnet]
chain-id = "35834a8a"
original-published-id = "0x5bc3f9d6132ba769548d329498c8dcb0d84a2b979a5dd9554d05fd1763fd3b54"
latest-published-id = "0x5bc3f9d6132ba769548d329498c8dcb0d84a2b979a5dd9554d05fd1763fd3b54"
published-version = "1"
