# @generated by Move, please check-in and do not edit manually.

[move]
version = 3
manifest_digest = "C6FE126CC23E8332133F20C45548A0ECCAC4A7239B83CF972B9FE47458547006"
deps_digest = "F8BBB0CCB2491CA29A3DF03D6F92277A4F3574266507ACD77214D37ECA3F3082"
dependencies = [
  { id = "Sui", name = "Sui" },
]

[[move.package]]
id = "MoveStdlib"
source = { git = "https://github.com/MystenLabs/sui.git", rev = "mainnet-v1.59.1", subdir = "crates/sui-framework/packages/move-stdlib" }

[[move.package]]
id = "Sui"
source = { git = "https://github.com/MystenLabs/sui.git", rev = "mainnet-v1.59.1", subdir = "crates/sui-framework/packages/sui-framework" }

dependencies = [
  { id = "MoveStdlib", name = "MoveStdlib" },
]

[move.toolchain-version]
compiler-version = "1.59.1"
edition = "2024.beta"
flavor = "sui"

[env]

[env.testnet]
chain-id = "4c78adac"
original-published-id = "0xb0198a462a49f91383fdf81a4af7611f80c3583338d131aa95a681e9b3aac82a"
latest-published-id = "0xb0198a462a49f91383fdf81a4af7611f80c3583338d131aa95a681e9b3aac82a"
published-version = "1"

[env.mainnet]
chain-id = "35834a8a"
original-published-id = "0x5bc3f9d6132ba769548d329498c8dcb0d84a2b979a5dd9554d05fd1763fd3b54"
latest-published-id = "0x5bc3f9d6132ba769548d329498c8dcb0d84a2b979a5dd9554d05fd1763fd3b54"
published-version = "1"
